github.com/dustin/go-humanize v1.0.0 h1:VSnTsYCnlFHaM2/igO1h6X3HA71jcobQuxemgkq4zYo=
github.com/dustin/go-humanize v1.0.0/go.mod h1:HtrtbFcZ19U5GC7JDqmcUSB87Iq5E25KnS6fMYU6eOk=
github.com/kjk/wc v0.0.0-20190930115922-d3d14fbdd13b h1:RQzta8Igtq6+/yGhFM11Ac2NFclZnrcNKzg/haxpKdM=
github.com/kjk/wc v0.0.0-20190930115922-d3d14fbdd13b/go.mod h1:GY03jZd//g0dg742p+znkwa+CRkieCcUt8FFAm4Qces=
